// !$*UTF8*$!
{
	archiveVersion = 1;
	classes = {
	};
	objectVersion = 55;
	objects = {

/* Begin PBXBuildFile section */
		2018A8E8281152CC00519AAE /* AppDelegate.swift in Sources */ = {isa = PBXBuildFile; fileRef = 2018A8E7281152CC00519AAE /* AppDelegate.swift */; };
		2018A8EA281152CC00519AAE /* SceneDelegate.swift in Sources */ = {isa = PBXBuildFile; fileRef = 2018A8E9281152CC00519AAE /* SceneDelegate.swift */; };
		2018A8EC281152CC00519AAE /* ViewController.swift in Sources */ = {isa = PBXBuildFile; fileRef = 2018A8EB281152CC00519AAE /* ViewController.swift */; };
		2018A8EF281152CC00519AAE /* Main.storyboard in Resources */ = {isa = PBXBuildFile; fileRef = 2018A8ED281152CC00519AAE /* Main.storyboard */; };
		2018A8F1281152CF00519AAE /* Assets.xcassets in Resources */ = {isa = PBXBuildFile; fileRef = 2018A8F0281152CF00519AAE /* Assets.xcassets */; };
		2018A8F4281152CF00519AAE /* LaunchScreen.storyboard in Resources */ = {isa = PBXBuildFile; fileRef = 2018A8F2281152CF00519AAE /* LaunchScreen.storyboard */; };
		2018A8FF281152D000519AAE /* CoordinatorPatternExampleTests.swift in Sources */ = {isa = PBXBuildFile; fileRef = 2018A8FE281152D000519AAE /* CoordinatorPatternExampleTests.swift */; };
		2018A909281152D000519AAE /* CoordinatorPatternExampleUITests.swift in Sources */ = {isa = PBXBuildFile; fileRef = 2018A908281152D000519AAE /* CoordinatorPatternExampleUITests.swift */; };
		2018A90B281152D000519AAE /* CoordinatorPatternExampleUITestsLaunchTests.swift in Sources */ = {isa = PBXBuildFile; fileRef = 2018A90A281152D000519AAE /* CoordinatorPatternExampleUITestsLaunchTests.swift */; };
/* End PBXBuildFile section */

/* Begin PBXContainerItemProxy section */
		2018A8FB281152D000519AAE /* PBXContainerItemProxy */ = {
			isa = PBXContainerItemProxy;
			containerPortal = 2018A8DC281152CC00519AAE /* Project object */;
			proxyType = 1;
			remoteGlobalIDString = 2018A8E3281152CC00519AAE;
			remoteInfo = CoordinatorPatternExample;
		};
		2018A905281152D000519AAE /* PBXContainerItemProxy */ = {
			isa = PBXContainerItemProxy;
			containerPortal = 2018A8DC281152CC00519AAE /* Project object */;
			proxyType = 1;
			remoteGlobalIDString = 2018A8E3281152CC00519AAE;
			remoteInfo = CoordinatorPatternExample;
		};
/* End PBXContainerItemProxy section */

/* Begin PBXFileReference section */
		2018A8E4281152CC00519AAE /* CoordinatorPatternExample.app */ = {isa = PBXFileReference; explicitFileType = wrapper.application; includeInIndex = 0; path = CoordinatorPatternExample.app; sourceTree = BUILT_PRODUCTS_DIR; };
		2018A8E7281152CC00519AAE /* AppDelegate.swift */ = {isa = PBXFileReference; lastKnownFileType = sourcecode.swift; path = AppDelegate.swift; sourceTree = "<group>"; };
		2018A8E9281152CC00519AAE /* SceneDelegate.swift */ = {isa = PBXFileReference; lastKnownFileType = sourcecode.swift; path = SceneDelegate.swift; sourceTree = "<group>"; };
		2018A8EB281152CC00519AAE /* ViewController.swift */ = {isa = PBXFileReference; lastKnownFileType = sourcecode.swift; path = ViewController.swift; sourceTree = "<group>"; };
		2018A8EE281152CC00519AAE /* Base */ = {isa = PBXFileReference; lastKnownFileType = file.storyboard; name = Base; path = Base.lproj/Main.storyboard; sourceTree = "<group>"; };
		2018A8F0281152CF00519AAE /* Assets.xcassets */ = {isa = PBXFileReference; lastKnownFileType = folder.assetcatalog; path = Assets.xcassets; sourceTree = "<group>"; };
		2018A8F3281152CF00519AAE /* Base */ = {isa = PBXFileReference; lastKnownFileType = file.storyboard; name = Base; path = Base.lproj/LaunchScreen.storyboard; sourceTree = "<group>"; };
		2018A8F5281152CF00519AAE /* Info.plist */ = {isa = PBXFileReference; lastKnownFileType = text.plist.xml; path = Info.plist; sourceTree = "<group>"; };
		2018A8FA281152D000519AAE /* CoordinatorPatternExampleTests.xctest */ = {isa = PBXFileReference; explicitFileType = wrapper.cfbundle; includeInIndex = 0; path = CoordinatorPatternExampleTests.xctest; sourceTree = BUILT_PRODUCTS_DIR; };
		2018A8FE281152D000519AAE /* CoordinatorPatternExampleTests.swift */ = {isa = PBXFileReference; lastKnownFileType = sourcecode.swift; path = CoordinatorPatternExampleTests.swift; sourceTree = "<group>"; };
		2018A904281152D000519AAE /* CoordinatorPatternExampleUITests.xctest */ = {isa = PBXFileReference; explicitFileType = wrapper.cfbundle; includeInIndex = 0; path = CoordinatorPatternExampleUITests.xctest; sourceTree = BUILT_PRODUCTS_DIR; };
		2018A908281152D000519AAE /* CoordinatorPatternExampleUITests.swift */ = {isa = PBXFileReference; lastKnownFileType = sourcecode.swift; path = CoordinatorPatternExampleUITests.swift; sourceTree = "<group>"; };
		2018A90A281152D000519AAE /* CoordinatorPatternExampleUITestsLaunchTests.swift */ = {isa = PBXFileReference; lastKnownFileType = sourcecode.swift; path = CoordinatorPatternExampleUITestsLaunchTests.swift; sourceTree = "<group>"; };
/* End PBXFileReference section */

/* Begin PBXFrameworksBuildPhase section */
		2018A8E1281152CC00519AAE /* Frameworks */ = {
			isa = PBXFrameworksBuildPhase;
			buildActionMask = 2147483647;
			files = (
			);
			runOnlyForDeploymentPostprocessing = 0;
		};
		2018A8F7281152D000519AAE /* Frameworks */ = {
			isa = PBXFrameworksBuildPhase;
			buildActionMask = 2147483647;
			files = (
			);
			runOnlyForDeploymentPostprocessing = 0;
		};
		2018A901281152D000519AAE /* Frameworks */ = {
			isa = PBXFrameworksBuildPhase;
			buildActionMask = 2147483647;
			files = (
			);
			runOnlyForDeploymentPostprocessing = 0;
		};
/* End PBXFrameworksBuildPhase section */

/* Begin PBXGroup section */
		2018A8DB281152CC00519AAE = {
			isa = PBXGroup;
			children = (
				2018A8E6281152CC00519AAE /* CoordinatorPatternExample */,
				2018A8FD281152D000519AAE /* CoordinatorPatternExampleTests */,
				2018A907281152D000519AAE /* CoordinatorPatternExampleUITests */,
				2018A8E5281152CC00519AAE /* Products */,
			);
			sourceTree = "<group>";
		};
		2018A8E5281152CC00519AAE /* Products */ = {
			isa = PBXGroup;
			children = (
				2018A8E4281152CC00519AAE /* CoordinatorPatternExample.app */,
				2018A8FA281152D000519AAE /* CoordinatorPatternExampleTests.xctest */,
				2018A904281152D000519AAE /* CoordinatorPatternExampleUITests.xctest */,
			);
			name = Products;
			sourceTree = "<group>";
		};
		2018A8E6281152CC00519AAE /* CoordinatorPatternExample */ = {
			isa = PBXGroup;
			children = (
				2018A8E7281152CC00519AAE /* AppDelegate.swift */,
				2018A8E9281152CC00519AAE /* SceneDelegate.swift */,
				2018A8EB281152CC00519AAE /* ViewController.swift */,
				2018A8ED281152CC00519AAE /* Main.storyboard */,
				2018A8F0281152CF00519AAE /* Assets.xcassets */,
				2018A8F2281152CF00519AAE /* LaunchScreen.storyboard */,
				2018A8F5281152CF00519AAE /* Info.plist */,
			);
			path = CoordinatorPatternExample;
			sourceTree = "<group>";
		};
		2018A8FD281152D000519AAE /* CoordinatorPatternExampleTests */ = {
			isa = PBXGroup;
			children = (
				2018A8FE281152D000519AAE /* CoordinatorPatternExampleTests.swift */,
			);
			path = CoordinatorPatternExampleTests;
			sourceTree = "<group>";
		};
		2018A907281152D000519AAE /* CoordinatorPatternExampleUITests */ = {
			isa = PBXGroup;
			children = (
				2018A908281152D000519AAE /* CoordinatorPatternExampleUITests.swift */,
				2018A90A281152D000519AAE /* CoordinatorPatternExampleUITestsLaunchTests.swift */,
			);
			path = CoordinatorPatternExampleUITests;
			sourceTree = "<group>";
		};
/* End PBXGroup section */

/* Begin PBXNativeTarget section */
		2018A8E3281152CC00519AAE /* CoordinatorPatternExample */ = {
			isa = PBXNativeTarget;
			buildConfigurationList = 2018A90E281152D000519AAE /* Build configuration list for PBXNativeTarget "CoordinatorPatternExample" */;
			buildPhases = (
				2018A8E0281152CC00519AAE /* Sources */,
				2018A8E1281152CC00519AAE /* Frameworks */,
				2018A8E2281152CC00519AAE /* Resources */,
			);
			buildRules = (
			);
			dependencies = (
			);
			name = CoordinatorPatternExample;
			productName = CoordinatorPatternExample;
			productReference = 2018A8E4281152CC00519AAE /* CoordinatorPatternExample.app */;
			productType = "com.apple.product-type.application";
		};
		2018A8F9281152D000519AAE /* CoordinatorPatternExampleTests */ = {
			isa = PBXNativeTarget;
			buildConfigurationList = 2018A911281152D000519AAE /* Build configuration list for PBXNativeTarget "CoordinatorPatternExampleTests" */;
			buildPhases = (
				2018A8F6281152D000519AAE /* Sources */,
				2018A8F7281152D000519AAE /* Frameworks */,
				2018A8F8281152D000519AAE /* Resources */,
			);
			buildRules = (
			);
			dependencies = (
				2018A8FC281152D000519AAE /* PBXTargetDependency */,
			);
			name = CoordinatorPatternExampleTests;
			productName = CoordinatorPatternExampleTests;
			productReference = 2018A8FA281152D000519AAE /* CoordinatorPatternExampleTests.xctest */;
			productType = "com.apple.product-type.bundle.unit-test";
		};
		2018A903281152D000519AAE /* CoordinatorPatternExampleUITests */ = {
			isa = PBXNativeTarget;
			buildConfigurationList = 2018A914281152D000519AAE /* Build configuration list for PBXNativeTarget "CoordinatorPatternExampleUITests" */;
			buildPhases = (
				2018A900281152D000519AAE /* Sources */,
				2018A901281152D000519AAE /* Frameworks */,
				2018A902281152D000519AAE /* Resources */,
			);
			buildRules = (
			);
			dependencies = (
				2018A906281152D000519AAE /* PBXTargetDependency */,
			);
			name = CoordinatorPatternExampleUITests;
			productName = CoordinatorPatternExampleUITests;
			productReference = 2018A904281152D000519AAE /* CoordinatorPatternExampleUITests.xctest */;
			productType = "com.apple.product-type.bundle.ui-testing";
		};
/* End PBXNativeTarget section */

/* Begin PBXProject section */
		2018A8DC281152CC00519AAE /* Project object */ = {
			isa = PBXProject;
			attributes = {
				BuildIndependentTargetsInParallel = 1;
				LastSwiftUpdateCheck = 1320;
				LastUpgradeCheck = 1320;
				TargetAttributes = {
					2018A8E3281152CC00519AAE = {
						CreatedOnToolsVersion = 13.2.1;
					};
					2018A8F9281152D000519AAE = {
						CreatedOnToolsVersion = 13.2.1;
						TestTargetID = 2018A8E3281152CC00519AAE;
					};
					2018A903281152D000519AAE = {
						CreatedOnToolsVersion = 13.2.1;
						TestTargetID = 2018A8E3281152CC00519AAE;
					};
				};
			};
			buildConfigurationList = 2018A8DF281152CC00519AAE /* Build configuration list for PBXProject "CoordinatorPatternExample" */;
			compatibilityVersion = "Xcode 13.0";
			developmentRegion = en;
			hasScannedForEncodings = 0;
			knownRegions = (
				en,
				Base,
			);
			mainGroup = 2018A8DB281152CC00519AAE;
			productRefGroup = 2018A8E5281152CC00519AAE /* Products */;
			projectDirPath = "";
			projectRoot = "";
			targets = (
				2018A8E3281152CC00519AAE /* CoordinatorPatternExample */,
				2018A8F9281152D000519AAE /* CoordinatorPatternExampleTests */,
				2018A903281152D000519AAE /* CoordinatorPatternExampleUITests */,
			);
		};
/* End PBXProject section */

/* Begin PBXResourcesBuildPhase section */
		2018A8E2281152CC00519AAE /* Resources */ = {
			isa = PBXResourcesBuildPhase;
			buildActionMask = 2147483647;
			files = (
				2018A8F4281152CF00519AAE /* LaunchScreen.storyboard in Resources */,
				2018A8F1281152CF00519AAE /* Assets.xcassets in Resources */,
				2018A8EF281152CC00519AAE /* Main.storyboard in Resources */,
			);
			runOnlyForDeploymentPostprocessing = 0;
		};
		2018A8F8281152D000519AAE /* Resources */ = {
			isa = PBXResourcesBuildPhase;
			buildActionMask = 2147483647;
			files = (
			);
			runOnlyForDeploymentPostprocessing = 0;
		};
		2018A902281152D000519AAE /* Resources */ = {
			isa = PBXResourcesBuildPhase;
			buildActionMask = 2147483647;
			files = (
			);
			runOnlyForDeploymentPostprocessing = 0;
		};
/* End PBXResourcesBuildPhase section */

/* Begin PBXSourcesBuildPhase section */
		2018A8E0281152CC00519AAE /* Sources */ = {
			isa = PBXSourcesBuildPhase;
			buildActionMask = 2147483647;
			files = (
				2018A8EC281152CC00519AAE /* ViewController.swift in Sources */,
				2018A8E8281152CC00519AAE /* AppDelegate.swift in Sources */,
				2018A8EA281152CC00519AAE /* SceneDelegate.swift in Sources */,
			);
			runOnlyForDeploymentPostprocessing = 0;
		};
		2018A8F6281152D000519AAE /* Sources */ = {
			isa = PBXSourcesBuildPhase;
			buildActionMask = 2147483647;
			files = (
				2018A8FF281152D000519AAE /* CoordinatorPatternExampleTests.swift in Sources */,
			);
			runOnlyForDeploymentPostprocessing = 0;
		};
		2018A900281152D000519AAE /* Sources */ = {
			isa = PBXSourcesBuildPhase;
			buildActionMask = 2147483647;
			files = (
				2018A909281152D000519AAE /* CoordinatorPatternExampleUITests.swift in Sources */,
				2018A90B281152D000519AAE /* CoordinatorPatternExampleUITestsLaunchTests.swift in Sources */,
			);
			runOnlyForDeploymentPostprocessing = 0;
		};
/* End PBXSourcesBuildPhase section */

/* Begin PBXTargetDependency section */
		2018A8FC281152D000519AAE /* PBXTargetDependency */ = {
			isa = PBXTargetDependency;
			target = 2018A8E3281152CC00519AAE /* CoordinatorPatternExample */;
			targetProxy = 2018A8FB281152D000519AAE /* PBXContainerItemProxy */;
		};
		2018A906281152D000519AAE /* PBXTargetDependency */ = {
			isa = PBXTargetDependency;
			target = 2018A8E3281152CC00519AAE /* CoordinatorPatternExample */;
			targetProxy = 2018A905281152D000519AAE /* PBXContainerItemProxy */;
		};
/* End PBXTargetDependency section */

/* Begin PBXVariantGroup section */
		2018A8ED281152CC00519AAE /* Main.storyboard */ = {
			isa = PBXVariantGroup;
			children = (
				2018A8EE281152CC00519AAE /* Base */,
			);
			name = Main.storyboard;
			sourceTree = "<group>";
		};
		2018A8F2281152CF00519AAE /* LaunchScreen.storyboard */ = {
			isa = PBXVariantGroup;
			children = (
				2018A8F3281152CF00519AAE /* Base */,
			);
			name = LaunchScreen.storyboard;
			sourceTree = "<group>";
		};
/* End PBXVariantGroup section */

/* Begin XCBuildConfiguration section */
		2018A90C281152D000519AAE /* Debug */ = {
			isa = XCBuildConfiguration;
			buildSettings = {
				ALWAYS_SEARCH_USER_PATHS = NO;
				CLANG_ANALYZER_NONNULL = YES;
				CLANG_ANALYZER_NUMBER_OBJECT_CONVERSION = YES_AGGRESSIVE;
				CLANG_CXX_LANGUAGE_STANDARD = "gnu++17";
				CLANG_CXX_LIBRARY = "libc++";
				CLANG_ENABLE_MODULES = YES;
				CLANG_ENABLE_OBJC_ARC = YES;
				CLANG_ENABLE_OBJC_WEAK = YES;
				CLANG_WARN_BLOCK_CAPTURE_AUTORELEASING = YES;
				CLANG_WARN_BOOL_CONVERSION = YES;
				CLANG_WARN_COMMA = YES;
				CLANG_WARN_CONSTANT_CONVERSION = YES;
				CLANG_WARN_DEPRECATED_OBJC_IMPLEMENTATIONS = YES;
				CLANG_WARN_DIRECT_OBJC_ISA_USAGE = YES_ERROR;
				CLANG_WARN_DOCUMENTATION_COMMENTS = YES;
				CLANG_WARN_EMPTY_BODY = YES;
				CLANG_WARN_ENUM_CONVERSION = YES;
				CLANG_WARN_INFINITE_RECURSION = YES;
				CLANG_WARN_INT_CONVERSION = YES;
				CLANG_WARN_NON_LITERAL_NULL_CONVERSION = YES;
				CLANG_WARN_OBJC_IMPLICIT_RETAIN_SELF = YES;
				CLANG_WARN_OBJC_LITERAL_CONVERSION = YES;
				CLANG_WARN_OBJC_ROOT_CLASS = YES_ERROR;
				CLANG_WARN_QUOTED_INCLUDE_IN_FRAMEWORK_HEADER = YES;
				CLANG_WARN_RANGE_LOOP_ANALYSIS = YES;
				CLANG_WARN_STRICT_PROTOTYPES = YES;
				CLANG_WARN_SUSPICIOUS_MOVE = YES;
				CLANG_WARN_UNGUARDED_AVAILABILITY = YES_AGGRESSIVE;
				CLANG_WARN_UNREACHABLE_CODE = YES;
				CLANG_WARN__DUPLICATE_METHOD_MATCH = YES;
				COPY_PHASE_STRIP = NO;
				DEBUG_INFORMATION_FORMAT = dwarf;
				ENABLE_STRICT_OBJC_MSGSEND = YES;
				ENABLE_TESTABILITY = YES;
				GCC_C_LANGUAGE_STANDARD = gnu11;
				GCC_DYNAMIC_NO_PIC = NO;
				GCC_NO_COMMON_BLOCKS = YES;
				GCC_OPTIMIZATION_LEVEL = 0;
				GCC_PREPROCESSOR_DEFINITIONS = (
					"DEBUG=1",
					"$(inherited)",
				);
				GCC_WARN_64_TO_32_BIT_CONVERSION = YES;
				GCC_WARN_ABOUT_RETURN_TYPE = YES_ERROR;
				GCC_WARN_UNDECLARED_SELECTOR = YES;
				GCC_WARN_UNINITIALIZED_AUTOS = YES_AGGRESSIVE;
				GCC_WARN_UNUSED_FUNCTION = YES;
				GCC_WARN_UNUSED_VARIABLE = YES;
				IPHONEOS_DEPLOYMENT_TARGET = 15.2;
				MTL_ENABLE_DEBUG_INFO = INCLUDE_SOURCE;
				MTL_FAST_MATH = YES;
				ONLY_ACTIVE_ARCH = YES;
				SDKROOT = iphoneos;
				SWIFT_ACTIVE_COMPILATION_CONDITIONS = DEBUG;
				SWIFT_OPTIMIZATION_LEVEL = "-Onone";
			};
			name = Debug;
		};
		2018A90D281152D000519AAE /* Release */ = {
			isa = XCBuildConfiguration;
			buildSettings = {
				ALWAYS_SEARCH_USER_PATHS = NO;
				CLANG_ANALYZER_NONNULL = YES;
				CLANG_ANALYZER_NUMBER_OBJECT_CONVERSION = YES_AGGRESSIVE;
				CLANG_CXX_LANGUAGE_STANDARD = "gnu++17";
				CLANG_CXX_LIBRARY = "libc++";
				CLANG_ENABLE_MODULES = YES;
				CLANG_ENABLE_OBJC_ARC = YES;
				CLANG_ENABLE_OBJC_WEAK = YES;
				CLANG_WARN_BLOCK_CAPTURE_AUTORELEASING = YES;
				CLANG_WARN_BOOL_CONVERSION = YES;
				CLANG_WARN_COMMA = YES;
				CLANG_WARN_CONSTANT_CONVERSION = YES;
				CLANG_WARN_DEPRECATED_OBJC_IMPLEMENTATIONS = YES;
				CLANG_WARN_DIRECT_OBJC_ISA_USAGE = YES_ERROR;
				CLANG_WARN_DOCUMENTATION_COMMENTS = YES;
				CLANG_WARN_EMPTY_BODY = YES;
				CLANG_WARN_ENUM_CONVERSION = YES;
				CLANG_WARN_INFINITE_RECURSION = YES;
				CLANG_WARN_INT_CONVERSION = YES;
				CLANG_WARN_NON_LITERAL_NULL_CONVERSION = YES;
				CLANG_WARN_OBJC_IMPLICIT_RETAIN_SELF = YES;
				CLANG_WARN_OBJC_LITERAL_CONVERSION = YES;
				CLANG_WARN_OBJC_ROOT_CLASS = YES_ERROR;
				CLANG_WARN_QUOTED_INCLUDE_IN_FRAMEWORK_HEADER = YES;
				CLANG_WARN_RANGE_LOOP_ANALYSIS = YES;
				CLANG_WARN_STRICT_PROTOTYPES = YES;
				CLANG_WARN_SUSPICIOUS_MOVE = YES;
				CLANG_WARN_UNGUARDED_AVAILABILITY = YES_AGGRESSIVE;
				CLANG_WARN_UNREACHABLE_CODE = YES;
				CLANG_WARN__DUPLICATE_METHOD_MATCH = YES;
				COPY_PHASE_STRIP = NO;
				DEBUG_INFORMATION_FORMAT = "dwarf-with-dsym";
				ENABLE_NS_ASSERTIONS = NO;
				ENABLE_STRICT_OBJC_MSGSEND = YES;
				GCC_C_LANGUAGE_STANDARD = gnu11;
				GCC_NO_COMMON_BLOCKS = YES;
				GCC_WARN_64_TO_32_BIT_CONVERSION = YES;
				GCC_WARN_ABOUT_RETURN_TYPE = YES_ERROR;
				GCC_WARN_UNDECLARED_SELECTOR = YES;
				GCC_WARN_UNINITIALIZED_AUTOS = YES_AGGRESSIVE;
				GCC_WARN_UNUSED_FUNCTION = YES;
				GCC_WARN_UNUSED_VARIABLE = YES;
				IPHONEOS_DEPLOYMENT_TARGET = 15.2;
				MTL_ENABLE_DEBUG_INFO = NO;
				MTL_FAST_MATH = YES;
				SDKROOT = iphoneos;
				SWIFT_COMPILATION_MODE = wholemodule;
				SWIFT_OPTIMIZATION_LEVEL = "-O";
				VALIDATE_PRODUCT = YES;
			};
			name = Release;
		};
		2018A90F281152D000519AAE /* Debug */ = {
			isa = XCBuildConfiguration;
			buildSettings = {
				ASSETCATALOG_COMPILER_APPICON_NAME = AppIcon;
				ASSETCATALOG_COMPILER_GLOBAL_ACCENT_COLOR_NAME = AccentColor;
				CODE_SIGN_STYLE = Automatic;
				CURRENT_PROJECT_VERSION = 1;
				GENERATE_INFOPLIST_FILE = YES;
				INFOPLIST_FILE = CoordinatorPatternExample/Info.plist;
				INFOPLIST_KEY_UIApplicationSupportsIndirectInputEvents = YES;
				INFOPLIST_KEY_UILaunchStoryboardName = LaunchScreen;
				INFOPLIST_KEY_UIMainStoryboardFile = Main;
				INFOPLIST_KEY_UISupportedInterfaceOrientations_iPad = "UIInterfaceOrientationPortrait UIInterfaceOrientationPortraitUpsideDown UIInterfaceOrientationLandscapeLeft UIInterfaceOrientationLandscapeRight";
				INFOPLIST_KEY_UISupportedInterfaceOrientations_iPhone = "UIInterfaceOrientationPortrait UIInterfaceOrientationLandscapeLeft UIInterfaceOrientationLandscapeRight";
				LD_RUNPATH_SEARCH_PATHS = (
					"$(inherited)",
					"@executable_path/Frameworks",
				);
				MARKETING_VERSION = 1.0;
				PRODUCT_BUNDLE_IDENTIFIER = Shubham.CoordinatorPatternExample;
				PRODUCT_NAME = "$(TARGET_NAME)";
				SWIFT_EMIT_LOC_STRINGS = YES;
				SWIFT_VERSION = 5.0;
				TARGETED_DEVICE_FAMILY = "1,2";
			};
			name = Debug;
		};
		2018A910281152D000519AAE /* Release */ = {
			isa = XCBuildConfiguration;
			buildSettings = {
				ASSETCATALOG_COMPILER_APPICON_NAME = AppIcon;
				ASSETCATALOG_COMPILER_GLOBAL_ACCENT_COLOR_NAME = AccentColor;
				CODE_SIGN_STYLE = Automatic;
				CURRENT_PROJECT_VERSION = 1;
				GENERATE_INFOPLIST_FILE = YES;
				INFOPLIST_FILE = CoordinatorPatternExample/Info.plist;
				INFOPLIST_KEY_UIApplicationSupportsIndirectInputEvents = YES;
				INFOPLIST_KEY_UILaunchStoryboardName = LaunchScreen;
				INFOPLIST_KEY_UIMainStoryboardFile = Main;
				INFOPLIST_KEY_UISupportedInterfaceOrientations_iPad = "UIInterfaceOrientationPortrait UIInterfaceOrientationPortraitUpsideDown UIInterfaceOrientationLandscapeLeft UIInterfaceOrientationLandscapeRight";
				INFOPLIST_KEY_UISupportedInterfaceOrientations_iPhone = "UIInterfaceOrientationPortrait UIInterfaceOrientationLandscapeLeft UIInterfaceOrientationLandscapeRight";
				LD_RUNPATH_SEARCH_PATHS = (
					"$(inherited)",
					"@executable_path/Frameworks",
				);
				MARKETING_VERSION = 1.0;
				PRODUCT_BUNDLE_IDENTIFIER = Shubham.CoordinatorPatternExample;
				PRODUCT_NAME = "$(TARGET_NAME)";
				SWIFT_EMIT_LOC_STRINGS = YES;
				SWIFT_VERSION = 5.0;
				TARGETED_DEVICE_FAMILY = "1,2";
			};
			name = Release;
		};
		2018A912281152D000519AAE /* Debug */ = {
			isa = XCBuildConfiguration;
			buildSettings = {
				ALWAYS_EMBED_SWIFT_STANDARD_LIBRARIES = YES;
				BUNDLE_LOADER = "$(TEST_HOST)";
				CODE_SIGN_STYLE = Automatic;
				CURRENT_PROJECT_VERSION = 1;
				GENERATE_INFOPLIST_FILE = YES;
				IPHONEOS_DEPLOYMENT_TARGET = 15.2;
				MARKETING_VERSION = 1.0;
				PRODUCT_BUNDLE_IDENTIFIER = Shubham.CoordinatorPatternExampleTests;
				PRODUCT_NAME = "$(TARGET_NAME)";
				SWIFT_EMIT_LOC_STRINGS = NO;
				SWIFT_VERSION = 5.0;
				TARGETED_DEVICE_FAMILY = "1,2";
				TEST_HOST = "$(BUILT_PRODUCTS_DIR)/CoordinatorPatternExample.app/CoordinatorPatternExample";
			};
			name = Debug;
		};
		2018A913281152D000519AAE /* Release */ = {
			isa = XCBuildConfiguration;
			buildSettings = {
				ALWAYS_EMBED_SWIFT_STANDARD_LIBRARIES = YES;
				BUNDLE_LOADER = "$(TEST_HOST)";
				CODE_SIGN_STYLE = Automatic;
				CURRENT_PROJECT_VERSION = 1;
				GENERATE_INFOPLIST_FILE = YES;
				IPHONEOS_DEPLOYMENT_TARGET = 15.2;
				MARKETING_VERSION = 1.0;
				PRODUCT_BUNDLE_IDENTIFIER = Shubham.CoordinatorPatternExampleTests;
				PRODUCT_NAME = "$(TARGET_NAME)";
				SWIFT_EMIT_LOC_STRINGS = NO;
				SWIFT_VERSION = 5.0;
				TARGETED_DEVICE_FAMILY = "1,2";
				TEST_HOST = "$(BUILT_PRODUCTS_DIR)/CoordinatorPatternExample.app/CoordinatorPatternExample";
			};
			name = Release;
		};
		2018A915281152D000519AAE /* Debug */ = {
			isa = XCBuildConfiguration;
			buildSettings = {
				ALWAYS_EMBED_SWIFT_STANDARD_LIBRARIES = YES;
				CODE_SIGN_STYLE = Automatic;
				CURRENT_PROJECT_VERSION = 1;
				GENERATE_INFOPLIST_FILE = YES;
				MARKETING_VERSION = 1.0;
				PRODUCT_BUNDLE_IDENTIFIER = Shubham.CoordinatorPatternExampleUITests;
				PRODUCT_NAME = "$(TARGET_NAME)";
				SWIFT_EMIT_LOC_STRINGS = NO;
				SWIFT_VERSION = 5.0;
				TARGETED_DEVICE_FAMILY = "1,2";
				TEST_TARGET_NAME = CoordinatorPatternExample;
			};
			name = Debug;
		};
		2018A916281152D000519AAE /* Release */ = {
			isa = XCBuildConfiguration;
			buildSettings = {
				ALWAYS_EMBED_SWIFT_STANDARD_LIBRARIES = YES;
				CODE_SIGN_STYLE = Automatic;
				CURRENT_PROJECT_VERSION = 1;
				GENERATE_INFOPLIST_FILE = YES;
				MARKETING_VERSION = 1.0;
				PRODUCT_BUNDLE_IDENTIFIER = Shubham.CoordinatorPatternExampleUITests;
				PRODUCT_NAME = "$(TARGET_NAME)";
				SWIFT_EMIT_LOC_STRINGS = NO;
				SWIFT_VERSION = 5.0;
				TARGETED_DEVICE_FAMILY = "1,2";
				TEST_TARGET_NAME = CoordinatorPatternExample;
			};
			name = Release;
		};
/* End XCBuildConfiguration section */

/* Begin XCConfigurationList section */
		2018A8DF281152CC00519AAE /* Build configuration list for PBXProject "CoordinatorPatternExample" */ = {
			isa = XCConfigurationList;
			buildConfigurations = (
				2018A90C281152D000519AAE /* Debug */,
				2018A90D281152D000519AAE /* Release */,
			);
			defaultConfigurationIsVisible = 0;
			defaultConfigurationName = Release;
		};
		2018A90E281152D000519AAE /* Build configuration list for PBXNativeTarget "CoordinatorPatternExample" */ = {
			isa = XCConfigurationList;
			buildConfigurations = (
				2018A90F281152D000519AAE /* Debug */,
				2018A910281152D000519AAE /* Release */,
			);
			defaultConfigurationIsVisible = 0;
			defaultConfigurationName = Release;
		};
		2018A911281152D000519AAE /* Build configuration list for PBXNativeTarget "CoordinatorPatternExampleTests" */ = {
			isa = XCConfigurationList;
			buildConfigurations = (
				2018A912281152D000519AAE /* Debug */,
				2018A913281152D000519AAE /* Release */,
			);
			defaultConfigurationIsVisible = 0;
			defaultConfigurationName = Release;
		};
		2018A914281152D000519AAE /* Build configuration list for PBXNativeTarget "CoordinatorPatternExampleUITests" */ = {
			isa = XCConfigurationList;
			buildConfigurations = (
				2018A915281152D000519AAE /* Debug */,
				2018A916281152D000519AAE /* Release */,
			);
			defaultConfigurationIsVisible = 0;
			defaultConfigurationName = Release;
		};
/* End XCConfigurationList section */
	};
	rootObject = 2018A8DC281152CC00519AAE /* Project object */;
}
